{
    "requires": true,
    "lockfileVersion": 1,
    "dependencies": {
        "litepie-datepicker": {
            "version": "1.0.14",
            "resolved": "https://registry.npmjs.org/litepie-datepicker/-/litepie-datepicker-1.0.14.tgz",
            "integrity": "sha512-u1BAsvLv5r7grMrKbRXKXPfk5okiYJBF247PWr5MGmbVxxWmDCoqQWtMdaHrQUzA/BQiU6J6L1nri0QkJISjyA=="
        },
        "vue-tailwind-picker": {
            "version": "2.0.0",
            "resolved": "https://registry.npmjs.org/vue-tailwind-picker/-/vue-tailwind-picker-2.0.0.tgz",
            "integrity": "sha512-o9b2XAKfIoVfZgjpJ824HpSduJJiPegKN8wwnbK7GpIEDEoMMajjOWlAU9QcSEVAFXJrgYeSXYbVhW28eOyrQw=="
        }
    }
}
